
Microsoft Visual Studio Solution File, Format Version 12.00
# Visual Studio Version 16
VisualStudioVersion = 16.0.34114.132
MinimumVisualStudioVersion = 10.0.40219.1
Project("{2150E333-8FDC-42A3-9474-1A3956D46DE8}") = "Task0", "Task0", "{91524606-AF8B-49B1-90DD-3F179B8FC867}"
EndProject
Project("{FAE04EC0-301F-11D3-BF4B-00C04F79EFBC}") = "Tyuiu.AgafonovKS.Sprint5.Task0.V18", "Tyuiu.AgafonovKS.Sprint5.Task0.V18\Tyuiu.AgafonovKS.Sprint5.Task0.V18.csproj", "{02CBECC8-8722-4105-9555-20390B814128}"
EndProject
Project("{FAE04EC0-301F-11D3-BF4B-00C04F79EFBC}") = "Tyuiu.AgafonovKS.Sprint5.Task0.V18.Lib", "Tyuiu.AgafonovKS.Sprint5.Task0.V18.Lib\Tyuiu.AgafonovKS.Sprint5.Task0.V18.Lib.csproj", "{6F27824F-5AE5-47B6-AEFC-C6111DC0E417}"
EndProject
Project("{FAE04EC0-301F-11D3-BF4B-00C04F79EFBC}") = "Tyuiu.AgafonovKS.Sprint5.Task0.V18.Test", "Tyuiu.AgafonovKS.Sprint5.Task0.V18.Test\Tyuiu.AgafonovKS.Sprint5.Task0.V18.Test.csproj", "{B699777C-015E-4FD3-A950-03B4B6F32503}"
EndProject
Project("{2150E333-8FDC-42A3-9474-1A3956D46DE8}") = "Task1", "Task1", "{8F35BC5E-6713-4BAE-AADD-16445DC82D2D}"
EndProject
Project("{FAE04EC0-301F-11D3-BF4B-00C04F79EFBC}") = "Tyuiu.AgafonovKS.Sprint5.Task1.V19", "Tyuiu.AgafonovKS.Sprint5.Task1.V19\Tyuiu.AgafonovKS.Sprint5.Task1.V19.csproj", "{AE5EB932-3001-4B6F-A3BA-34BC8A597CB5}"
EndProject
Project("{FAE04EC0-301F-11D3-BF4B-00C04F79EFBC}") = "Tyuiu.AgafonovKS.Sprint5.Task1.V19.Lib", "Tyuiu.AgafonovKS.Sprint5.Task1.V19.Lib\Tyuiu.AgafonovKS.Sprint5.Task1.V19.Lib.csproj", "{D2B13B5F-D75F-4DC6-B7CE-87FDE53BBC00}"
EndProject
Project("{FAE04EC0-301F-11D3-BF4B-00C04F79EFBC}") = "Tyuiu.AgafonovKS.Sprint5.Task1.V19.Test", "Tyuiu.AgafonovKS.Sprint5.Task1.V19.Test\Tyuiu.AgafonovKS.Sprint5.Task1.V19.Test.csproj", "{700CC56E-BB7A-471A-AE8E-E9F441060F05}"
EndProject
Global
	GlobalSection(SolutionConfigurationPlatforms) = preSolution
		Debug|Any CPU = Debug|Any CPU
		Release|Any CPU = Release|Any CPU
	EndGlobalSection
	GlobalSection(ProjectConfigurationPlatforms) = postSolution
		{02CBECC8-8722-4105-9555-20390B814128}.Debug|Any CPU.ActiveCfg = Debug|Any CPU
		{02CBECC8-8722-4105-9555-20390B814128}.Debug|Any CPU.Build.0 = Debug|Any CPU
		{02CBECC8-8722-4105-9555-20390B814128}.Release|Any CPU.ActiveCfg = Release|Any CPU
		{02CBECC8-8722-4105-9555-20390B814128}.Release|Any CPU.Build.0 = Release|Any CPU
		{6F27824F-5AE5-47B6-AEFC-C6111DC0E417}.Debug|Any CPU.ActiveCfg = Debug|Any CPU
		{6F27824F-5AE5-47B6-AEFC-C6111DC0E417}.Debug|Any CPU.Build.0 = Debug|Any CPU
		{6F27824F-5AE5-47B6-AEFC-C6111DC0E417}.Release|Any CPU.ActiveCfg = Release|Any CPU
		{6F27824F-5AE5-47B6-AEFC-C6111DC0E417}.Release|Any CPU.Build.0 = Release|Any CPU
		{B699777C-015E-4FD3-A950-03B4B6F32503}.Debug|Any CPU.ActiveCfg = Debug|Any CPU
		{B699777C-015E-4FD3-A950-03B4B6F32503}.Debug|Any CPU.Build.0 = Debug|Any CPU
		{B699777C-015E-4FD3-A950-03B4B6F32503}.Release|Any CPU.ActiveCfg = Release|Any CPU
		{B699777C-015E-4FD3-A950-03B4B6F32503}.Release|Any CPU.Build.0 = Release|Any CPU
		{AE5EB932-3001-4B6F-A3BA-34BC8A597CB5}.Debug|Any CPU.ActiveCfg = Debug|Any CPU
		{AE5EB932-3001-4B6F-A3BA-34BC8A597CB5}.Debug|Any CPU.Build.0 = Debug|Any CPU
		{AE5EB932-3001-4B6F-A3BA-34BC8A597CB5}.Release|Any CPU.ActiveCfg = Release|Any CPU
		{AE5EB932-3001-4B6F-A3BA-34BC8A597CB5}.Release|Any CPU.Build.0 = Release|Any CPU
		{D2B13B5F-D75F-4DC6-B7CE-87FDE53BBC00}.Debug|Any CPU.ActiveCfg = Debug|Any CPU
		{D2B13B5F-D75F-4DC6-B7CE-87FDE53BBC00}.Debug|Any CPU.Build.0 = Debug|Any CPU
		{D2B13B5F-D75F-4DC6-B7CE-87FDE53BBC00}.Release|Any CPU.ActiveCfg = Release|Any CPU
		{D2B13B5F-D75F-4DC6-B7CE-87FDE53BBC00}.Release|Any CPU.Build.0 = Release|Any CPU
		{700CC56E-BB7A-471A-AE8E-E9F441060F05}.Debug|Any CPU.ActiveCfg = Debug|Any CPU
		{700CC56E-BB7A-471A-AE8E-E9F441060F05}.Debug|Any CPU.Build.0 = Debug|Any CPU
		{700CC56E-BB7A-471A-AE8E-E9F441060F05}.Release|Any CPU.ActiveCfg = Release|Any CPU
		{700CC56E-BB7A-471A-AE8E-E9F441060F05}.Release|Any CPU.Build.0 = Release|Any CPU
	EndGlobalSection
	GlobalSection(SolutionProperties) = preSolution
		HideSolutionNode = FALSE
	EndGlobalSection
	GlobalSection(NestedProjects) = preSolution
		{02CBECC8-8722-4105-9555-20390B814128} = {91524606-AF8B-49B1-90DD-3F179B8FC867}
		{6F27824F-5AE5-47B6-AEFC-C6111DC0E417} = {91524606-AF8B-49B1-90DD-3F179B8FC867}
		{B699777C-015E-4FD3-A950-03B4B6F32503} = {91524606-AF8B-49B1-90DD-3F179B8FC867}
		{AE5EB932-3001-4B6F-A3BA-34BC8A597CB5} = {8F35BC5E-6713-4BAE-AADD-16445DC82D2D}
		{D2B13B5F-D75F-4DC6-B7CE-87FDE53BBC00} = {8F35BC5E-6713-4BAE-AADD-16445DC82D2D}
		{700CC56E-BB7A-471A-AE8E-E9F441060F05} = {8F35BC5E-6713-4BAE-AADD-16445DC82D2D}
	EndGlobalSection
	GlobalSection(ExtensibilityGlobals) = postSolution
		SolutionGuid = {968ABA24-5D78-4FA2-81E3-C5F8FD8C17E8}
	EndGlobalSection
EndGlobal
