
Microsoft Visual Studio Solution File, Format Version 12.00
# Visual Studio Version 16
VisualStudioVersion = 16.0.34114.132
MinimumVisualStudioVersion = 10.0.40219.1
Project("{2150E333-8FDC-42A3-9474-1A3956D46DE8}") = "Task0", "Task0", "{91524606-AF8B-49B1-90DD-3F179B8FC867}"
EndProject
Project("{FAE04EC0-301F-11D3-BF4B-00C04F79EFBC}") = "Tyuiu.AgafonovKS.Sprint5.Task0.V18", "Tyuiu.AgafonovKS.Sprint5.Task0.V18\Tyuiu.AgafonovKS.Sprint5.Task0.V18.csproj", "{02CBECC8-8722-4105-9555-20390B814128}"
EndProject
Project("{FAE04EC0-301F-11D3-BF4B-00C04F79EFBC}") = "Tyuiu.AgafonovKS.Sprint5.Task0.V18.Lib", "Tyuiu.AgafonovKS.Sprint5.Task0.V18.Lib\Tyuiu.AgafonovKS.Sprint5.Task0.V18.Lib.csproj", "{6F27824F-5AE5-47B6-AEFC-C6111DC0E417}"
EndProject
Project("{FAE04EC0-301F-11D3-BF4B-00C04F79EFBC}") = "Tyuiu.AgafonovKS.Sprint5.Task0.V18.Test", "Tyuiu.AgafonovKS.Sprint5.Task0.V18.Test\Tyuiu.AgafonovKS.Sprint5.Task0.V18.Test.csproj", "{B699777C-015E-4FD3-A950-03B4B6F32503}"
EndProject
Project("{2150E333-8FDC-42A3-9474-1A3956D46DE8}") = "Task1", "Task1", "{8F35BC5E-6713-4BAE-AADD-16445DC82D2D}"
EndProject
Project("{FAE04EC0-301F-11D3-BF4B-00C04F79EFBC}") = "Tyuiu.AgafonovKS.Sprint5.Task1.V19", "Tyuiu.AgafonovKS.Sprint5.Task1.V19\Tyuiu.AgafonovKS.Sprint5.Task1.V19.csproj", "{AE5EB932-3001-4B6F-A3BA-34BC8A597CB5}"
EndProject
Project("{FAE04EC0-301F-11D3-BF4B-00C04F79EFBC}") = "Tyuiu.AgafonovKS.Sprint5.Task1.V19.Lib", "Tyuiu.AgafonovKS.Sprint5.Task1.V19.Lib\Tyuiu.AgafonovKS.Sprint5.Task1.V19.Lib.csproj", "{D2B13B5F-D75F-4DC6-B7CE-87FDE53BBC00}"
EndProject
Project("{FAE04EC0-301F-11D3-BF4B-00C04F79EFBC}") = "Tyuiu.AgafonovKS.Sprint5.Task1.V19.Test", "Tyuiu.AgafonovKS.Sprint5.Task1.V19.Test\Tyuiu.AgafonovKS.Sprint5.Task1.V19.Test.csproj", "{700CC56E-BB7A-471A-AE8E-E9F441060F05}"
EndProject
Project("{2150E333-8FDC-42A3-9474-1A3956D46DE8}") = "Task2", "Task2", "{B9BE691A-F744-4E1D-BA8A-117F00286A7C}"
EndProject
Project("{FAE04EC0-301F-11D3-BF4B-00C04F79EFBC}") = "Tyuiu.AgafonovKS.Sprint5.Task2.V10", "Tyuiu.AgafonovKS.Sprint5.Task2.V10\Tyuiu.AgafonovKS.Sprint5.Task2.V10.csproj", "{CE0685EB-8637-4AC8-AF54-67633D17D9DB}"
EndProject
Project("{FAE04EC0-301F-11D3-BF4B-00C04F79EFBC}") = "Tyuiu.AgafonovKS.Sprint5.Task2.V10.Lib", "Tyuiu.AgafonovKS.Sprint5.Task2.V10.Lib\Tyuiu.AgafonovKS.Sprint5.Task2.V10.Lib.csproj", "{EB4D86E5-D3A7-42D7-9CF2-34442127CB15}"
EndProject
Project("{FAE04EC0-301F-11D3-BF4B-00C04F79EFBC}") = "Tyuiu.AgafonovKS.Sprint5.Task2.V10.Test", "Tyuiu.AgafonovKS.Sprint5.Task2.V10.Test\Tyuiu.AgafonovKS.Sprint5.Task2.V10.Test.csproj", "{A596DD0A-CC9B-42FB-9AA5-A8BE03E99B8A}"
EndProject
Project("{2150E333-8FDC-42A3-9474-1A3956D46DE8}") = "Task3", "Task3", "{F19F64CF-26EB-4C44-9990-165C926EE303}"
EndProject
Project("{FAE04EC0-301F-11D3-BF4B-00C04F79EFBC}") = "Tyuiu.AgafonovKS.Sprint5.Task3.V17", "Tyuiu.AgafonovKS.Sprint5.Task3.V17\Tyuiu.AgafonovKS.Sprint5.Task3.V17.csproj", "{FE1B3CC9-F5A9-45D1-9A4D-E988BAE294EF}"
EndProject
Project("{FAE04EC0-301F-11D3-BF4B-00C04F79EFBC}") = "Tyuiu.AgafonovKS.Sprint5.Task3.V17.Lib", "Tyuiu.AgafonovKS.Sprint5.Task3.V17.Lib\Tyuiu.AgafonovKS.Sprint5.Task3.V17.Lib.csproj", "{0F64F303-4736-4CE2-85A2-305D4A0ED673}"
EndProject
Project("{FAE04EC0-301F-11D3-BF4B-00C04F79EFBC}") = "Tyuiu.AgafonovKS.Sprint5.Task3.V17.Test", "Tyuiu.AgafonovKS.Sprint5.Task3.V17.Test\Tyuiu.AgafonovKS.Sprint5.Task3.V17.Test.csproj", "{E72FCC4B-3F5E-4942-ACE2-158896570B1B}"
EndProject
Project("{2150E333-8FDC-42A3-9474-1A3956D46DE8}") = "Task4", "Task4", "{A5B9F06A-BF20-4F25-A229-53885145EDA8}"
EndProject
Project("{FAE04EC0-301F-11D3-BF4B-00C04F79EFBC}") = "Tyuiu.AgafonovKS.Sprint5.Task4.V30", "Tyuiu.AgafonovKS.Sprint5.Task4.V30\Tyuiu.AgafonovKS.Sprint5.Task4.V30.csproj", "{0C1F2259-A1EA-4EA1-A1C2-B05E97B2B295}"
EndProject
Project("{FAE04EC0-301F-11D3-BF4B-00C04F79EFBC}") = "Tyuiu.AgafonovKS.Sprint5.Task4.V30.Lib", "Tyuiu.AgafonovKS.Sprint5.Task4.V30.Lib\Tyuiu.AgafonovKS.Sprint5.Task4.V30.Lib.csproj", "{780115F1-9D63-4BED-B800-7EC54CA811E1}"
EndProject
Project("{FAE04EC0-301F-11D3-BF4B-00C04F79EFBC}") = "Tyuiu.AgafonovKS.Sprint5.Task4.V30.Test", "Tyuiu.AgafonovKS.Sprint5.Task4.V30.Test\Tyuiu.AgafonovKS.Sprint5.Task4.V30.Test.csproj", "{606EFCA0-7942-4C47-962B-D7CF164F913D}"
EndProject
Project("{2150E333-8FDC-42A3-9474-1A3956D46DE8}") = "Task5", "Task5", "{D089CDA5-3270-491B-BED4-746E61D37DCE}"
EndProject
Project("{FAE04EC0-301F-11D3-BF4B-00C04F79EFBC}") = "Tyuiu.AgafonovKS.Sprint5.Task5.V11", "Tyuiu.AgafonovKS.Sprint5.Task5.V11\Tyuiu.AgafonovKS.Sprint5.Task5.V11.csproj", "{88F6BC8D-83BA-45BA-9F7C-68CDCAFEBEC8}"
EndProject
Project("{FAE04EC0-301F-11D3-BF4B-00C04F79EFBC}") = "Tyuiu.AgafonovKS.Sprint5.Task5.V11.Lib", "Tyuiu.AgafonovKS.Sprint5.Task5.V11.Lib\Tyuiu.AgafonovKS.Sprint5.Task5.V11.Lib.csproj", "{519AF67D-6ED2-40FD-8226-3C32372DED52}"
EndProject
Project("{FAE04EC0-301F-11D3-BF4B-00C04F79EFBC}") = "Tyuiu.AgafonovKS.Sprint5.Task5.V11.Test", "Tyuiu.AgafonovKS.Sprint5.Task5.V11.Test\Tyuiu.AgafonovKS.Sprint5.Task5.V11.Test.csproj", "{3E90682E-6B35-4E1C-8161-1EA49B3E2549}"
EndProject
Global
	GlobalSection(SolutionConfigurationPlatforms) = preSolution
		Debug|Any CPU = Debug|Any CPU
		Release|Any CPU = Release|Any CPU
	EndGlobalSection
	GlobalSection(ProjectConfigurationPlatforms) = postSolution
		{02CBECC8-8722-4105-9555-20390B814128}.Debug|Any CPU.ActiveCfg = Debug|Any CPU
		{02CBECC8-8722-4105-9555-20390B814128}.Debug|Any CPU.Build.0 = Debug|Any CPU
		{02CBECC8-8722-4105-9555-20390B814128}.Release|Any CPU.ActiveCfg = Release|Any CPU
		{02CBECC8-8722-4105-9555-20390B814128}.Release|Any CPU.Build.0 = Release|Any CPU
		{6F27824F-5AE5-47B6-AEFC-C6111DC0E417}.Debug|Any CPU.ActiveCfg = Debug|Any CPU
		{6F27824F-5AE5-47B6-AEFC-C6111DC0E417}.Debug|Any CPU.Build.0 = Debug|Any CPU
		{6F27824F-5AE5-47B6-AEFC-C6111DC0E417}.Release|Any CPU.ActiveCfg = Release|Any CPU
		{6F27824F-5AE5-47B6-AEFC-C6111DC0E417}.Release|Any CPU.Build.0 = Release|Any CPU
		{B699777C-015E-4FD3-A950-03B4B6F32503}.Debug|Any CPU.ActiveCfg = Debug|Any CPU
		{B699777C-015E-4FD3-A950-03B4B6F32503}.Debug|Any CPU.Build.0 = Debug|Any CPU
		{B699777C-015E-4FD3-A950-03B4B6F32503}.Release|Any CPU.ActiveCfg = Release|Any CPU
		{B699777C-015E-4FD3-A950-03B4B6F32503}.Release|Any CPU.Build.0 = Release|Any CPU
		{AE5EB932-3001-4B6F-A3BA-34BC8A597CB5}.Debug|Any CPU.ActiveCfg = Debug|Any CPU
		{AE5EB932-3001-4B6F-A3BA-34BC8A597CB5}.Debug|Any CPU.Build.0 = Debug|Any CPU
		{AE5EB932-3001-4B6F-A3BA-34BC8A597CB5}.Release|Any CPU.ActiveCfg = Release|Any CPU
		{AE5EB932-3001-4B6F-A3BA-34BC8A597CB5}.Release|Any CPU.Build.0 = Release|Any CPU
		{D2B13B5F-D75F-4DC6-B7CE-87FDE53BBC00}.Debug|Any CPU.ActiveCfg = Debug|Any CPU
		{D2B13B5F-D75F-4DC6-B7CE-87FDE53BBC00}.Debug|Any CPU.Build.0 = Debug|Any CPU
		{D2B13B5F-D75F-4DC6-B7CE-87FDE53BBC00}.Release|Any CPU.ActiveCfg = Release|Any CPU
		{D2B13B5F-D75F-4DC6-B7CE-87FDE53BBC00}.Release|Any CPU.Build.0 = Release|Any CPU
		{700CC56E-BB7A-471A-AE8E-E9F441060F05}.Debug|Any CPU.ActiveCfg = Debug|Any CPU
		{700CC56E-BB7A-471A-AE8E-E9F441060F05}.Debug|Any CPU.Build.0 = Debug|Any CPU
		{700CC56E-BB7A-471A-AE8E-E9F441060F05}.Release|Any CPU.ActiveCfg = Release|Any CPU
		{700CC56E-BB7A-471A-AE8E-E9F441060F05}.Release|Any CPU.Build.0 = Release|Any CPU
		{CE0685EB-8637-4AC8-AF54-67633D17D9DB}.Debug|Any CPU.ActiveCfg = Debug|Any CPU
		{CE0685EB-8637-4AC8-AF54-67633D17D9DB}.Debug|Any CPU.Build.0 = Debug|Any CPU
		{CE0685EB-8637-4AC8-AF54-67633D17D9DB}.Release|Any CPU.ActiveCfg = Release|Any CPU
		{CE0685EB-8637-4AC8-AF54-67633D17D9DB}.Release|Any CPU.Build.0 = Release|Any CPU
		{EB4D86E5-D3A7-42D7-9CF2-34442127CB15}.Debug|Any CPU.ActiveCfg = Debug|Any CPU
		{EB4D86E5-D3A7-42D7-9CF2-34442127CB15}.Debug|Any CPU.Build.0 = Debug|Any CPU
		{EB4D86E5-D3A7-42D7-9CF2-34442127CB15}.Release|Any CPU.ActiveCfg = Release|Any CPU
		{EB4D86E5-D3A7-42D7-9CF2-34442127CB15}.Release|Any CPU.Build.0 = Release|Any CPU
		{A596DD0A-CC9B-42FB-9AA5-A8BE03E99B8A}.Debug|Any CPU.ActiveCfg = Debug|Any CPU
		{A596DD0A-CC9B-42FB-9AA5-A8BE03E99B8A}.Debug|Any CPU.Build.0 = Debug|Any CPU
		{A596DD0A-CC9B-42FB-9AA5-A8BE03E99B8A}.Release|Any CPU.ActiveCfg = Release|Any CPU
		{A596DD0A-CC9B-42FB-9AA5-A8BE03E99B8A}.Release|Any CPU.Build.0 = Release|Any CPU
		{FE1B3CC9-F5A9-45D1-9A4D-E988BAE294EF}.Debug|Any CPU.ActiveCfg = Debug|Any CPU
		{FE1B3CC9-F5A9-45D1-9A4D-E988BAE294EF}.Debug|Any CPU.Build.0 = Debug|Any CPU
		{FE1B3CC9-F5A9-45D1-9A4D-E988BAE294EF}.Release|Any CPU.ActiveCfg = Release|Any CPU
		{FE1B3CC9-F5A9-45D1-9A4D-E988BAE294EF}.Release|Any CPU.Build.0 = Release|Any CPU
		{0F64F303-4736-4CE2-85A2-305D4A0ED673}.Debug|Any CPU.ActiveCfg = Debug|Any CPU
		{0F64F303-4736-4CE2-85A2-305D4A0ED673}.Debug|Any CPU.Build.0 = Debug|Any CPU
		{0F64F303-4736-4CE2-85A2-305D4A0ED673}.Release|Any CPU.ActiveCfg = Release|Any CPU
		{0F64F303-4736-4CE2-85A2-305D4A0ED673}.Release|Any CPU.Build.0 = Release|Any CPU
		{E72FCC4B-3F5E-4942-ACE2-158896570B1B}.Debug|Any CPU.ActiveCfg = Debug|Any CPU
		{E72FCC4B-3F5E-4942-ACE2-158896570B1B}.Debug|Any CPU.Build.0 = Debug|Any CPU
		{E72FCC4B-3F5E-4942-ACE2-158896570B1B}.Release|Any CPU.ActiveCfg = Release|Any CPU
		{E72FCC4B-3F5E-4942-ACE2-158896570B1B}.Release|Any CPU.Build.0 = Release|Any CPU
		{0C1F2259-A1EA-4EA1-A1C2-B05E97B2B295}.Debug|Any CPU.ActiveCfg = Debug|Any CPU
		{0C1F2259-A1EA-4EA1-A1C2-B05E97B2B295}.Debug|Any CPU.Build.0 = Debug|Any CPU
		{0C1F2259-A1EA-4EA1-A1C2-B05E97B2B295}.Release|Any CPU.ActiveCfg = Release|Any CPU
		{0C1F2259-A1EA-4EA1-A1C2-B05E97B2B295}.Release|Any CPU.Build.0 = Release|Any CPU
		{780115F1-9D63-4BED-B800-7EC54CA811E1}.Debug|Any CPU.ActiveCfg = Debug|Any CPU
		{780115F1-9D63-4BED-B800-7EC54CA811E1}.Debug|Any CPU.Build.0 = Debug|Any CPU
		{780115F1-9D63-4BED-B800-7EC54CA811E1}.Release|Any CPU.ActiveCfg = Release|Any CPU
		{780115F1-9D63-4BED-B800-7EC54CA811E1}.Release|Any CPU.Build.0 = Release|Any CPU
		{606EFCA0-7942-4C47-962B-D7CF164F913D}.Debug|Any CPU.ActiveCfg = Debug|Any CPU
		{606EFCA0-7942-4C47-962B-D7CF164F913D}.Debug|Any CPU.Build.0 = Debug|Any CPU
		{606EFCA0-7942-4C47-962B-D7CF164F913D}.Release|Any CPU.ActiveCfg = Release|Any CPU
		{606EFCA0-7942-4C47-962B-D7CF164F913D}.Release|Any CPU.Build.0 = Release|Any CPU
		{88F6BC8D-83BA-45BA-9F7C-68CDCAFEBEC8}.Debug|Any CPU.ActiveCfg = Debug|Any CPU
		{88F6BC8D-83BA-45BA-9F7C-68CDCAFEBEC8}.Debug|Any CPU.Build.0 = Debug|Any CPU
		{88F6BC8D-83BA-45BA-9F7C-68CDCAFEBEC8}.Release|Any CPU.ActiveCfg = Release|Any CPU
		{88F6BC8D-83BA-45BA-9F7C-68CDCAFEBEC8}.Release|Any CPU.Build.0 = Release|Any CPU
		{519AF67D-6ED2-40FD-8226-3C32372DED52}.Debug|Any CPU.ActiveCfg = Debug|Any CPU
		{519AF67D-6ED2-40FD-8226-3C32372DED52}.Debug|Any CPU.Build.0 = Debug|Any CPU
		{519AF67D-6ED2-40FD-8226-3C32372DED52}.Release|Any CPU.ActiveCfg = Release|Any CPU
		{519AF67D-6ED2-40FD-8226-3C32372DED52}.Release|Any CPU.Build.0 = Release|Any CPU
		{3E90682E-6B35-4E1C-8161-1EA49B3E2549}.Debug|Any CPU.ActiveCfg = Debug|Any CPU
		{3E90682E-6B35-4E1C-8161-1EA49B3E2549}.Debug|Any CPU.Build.0 = Debug|Any CPU
		{3E90682E-6B35-4E1C-8161-1EA49B3E2549}.Release|Any CPU.ActiveCfg = Release|Any CPU
		{3E90682E-6B35-4E1C-8161-1EA49B3E2549}.Release|Any CPU.Build.0 = Release|Any CPU
	EndGlobalSection
	GlobalSection(SolutionProperties) = preSolution
		HideSolutionNode = FALSE
	EndGlobalSection
	GlobalSection(NestedProjects) = preSolution
		{02CBECC8-8722-4105-9555-20390B814128} = {91524606-AF8B-49B1-90DD-3F179B8FC867}
		{6F27824F-5AE5-47B6-AEFC-C6111DC0E417} = {91524606-AF8B-49B1-90DD-3F179B8FC867}
		{B699777C-015E-4FD3-A950-03B4B6F32503} = {91524606-AF8B-49B1-90DD-3F179B8FC867}
		{AE5EB932-3001-4B6F-A3BA-34BC8A597CB5} = {8F35BC5E-6713-4BAE-AADD-16445DC82D2D}
		{D2B13B5F-D75F-4DC6-B7CE-87FDE53BBC00} = {8F35BC5E-6713-4BAE-AADD-16445DC82D2D}
		{700CC56E-BB7A-471A-AE8E-E9F441060F05} = {8F35BC5E-6713-4BAE-AADD-16445DC82D2D}
		{CE0685EB-8637-4AC8-AF54-67633D17D9DB} = {B9BE691A-F744-4E1D-BA8A-117F00286A7C}
		{EB4D86E5-D3A7-42D7-9CF2-34442127CB15} = {B9BE691A-F744-4E1D-BA8A-117F00286A7C}
		{A596DD0A-CC9B-42FB-9AA5-A8BE03E99B8A} = {B9BE691A-F744-4E1D-BA8A-117F00286A7C}
		{FE1B3CC9-F5A9-45D1-9A4D-E988BAE294EF} = {F19F64CF-26EB-4C44-9990-165C926EE303}
		{0F64F303-4736-4CE2-85A2-305D4A0ED673} = {F19F64CF-26EB-4C44-9990-165C926EE303}
		{E72FCC4B-3F5E-4942-ACE2-158896570B1B} = {F19F64CF-26EB-4C44-9990-165C926EE303}
		{0C1F2259-A1EA-4EA1-A1C2-B05E97B2B295} = {A5B9F06A-BF20-4F25-A229-53885145EDA8}
		{780115F1-9D63-4BED-B800-7EC54CA811E1} = {A5B9F06A-BF20-4F25-A229-53885145EDA8}
		{606EFCA0-7942-4C47-962B-D7CF164F913D} = {A5B9F06A-BF20-4F25-A229-53885145EDA8}
		{88F6BC8D-83BA-45BA-9F7C-68CDCAFEBEC8} = {D089CDA5-3270-491B-BED4-746E61D37DCE}
		{519AF67D-6ED2-40FD-8226-3C32372DED52} = {D089CDA5-3270-491B-BED4-746E61D37DCE}
		{3E90682E-6B35-4E1C-8161-1EA49B3E2549} = {D089CDA5-3270-491B-BED4-746E61D37DCE}
	EndGlobalSection
	GlobalSection(ExtensibilityGlobals) = postSolution
		SolutionGuid = {968ABA24-5D78-4FA2-81E3-C5F8FD8C17E8}
	EndGlobalSection
EndGlobal
